
Microsoft Visual Studio Solution File, Format Version 12.00
# Visual Studio Version 17
VisualStudioVersion = 17.7.34003.232
MinimumVisualStudioVersion = 10.0.40219.1
Project("{FAE04EC0-301F-11D3-BF4B-00C04F79EFBC}") = "BlazorWebUI", "BlazorWebUI\BlazorWebUI.csproj", "{4813F403-0657-4860-BAE4-8D2C77178025}"
EndProject
Global
	GlobalSection(SolutionConfigurationPlatforms) = preSolution
		Debug|Any CPU = Debug|Any CPU
		Release|Any CPU = Release|Any CPU
	EndGlobalSection
	GlobalSection(ProjectConfigurationPlatforms) = postSolution
		{4813F403-0657-4860-BAE4-8D2C77178025}.Debug|Any CPU.ActiveCfg = Debug|Any CPU
		{4813F403-0657-4860-BAE4-8D2C77178025}.Debug|Any CPU.Build.0 = Debug|Any CPU
		{4813F403-0657-4860-BAE4-8D2C77178025}.Release|Any CPU.ActiveCfg = Release|Any CPU
		{4813F403-0657-4860-BAE4-8D2C77178025}.Release|Any CPU.Build.0 = Release|Any CPU
	EndGlobalSection
	GlobalSection(SolutionProperties) = preSolution
		HideSolutionNode = FALSE
	EndGlobalSection
	GlobalSection(ExtensibilityGlobals) = postSolution
		SolutionGuid = {FD7913BA-6FC5-40E2-B74A-8978E3F73710}
	EndGlobalSection
EndGlobal
